
Microsoft Visual Studio Solution File, Format Version 12.00
# Visual Studio Version 17
VisualStudioVersion = 17.1.31903.286
MinimumVisualStudioVersion = 15.0.26124.0
Project("{6EC3EE1D-3C4E-46DD-8F32-0CC8E7565705}") = "Fun.Blazor", "Fun.Blazor\Fun.Blazor.fsproj", "{E7965204-4670-40D4-A1B8-49E923EEC22F}"
EndProject
Project("{6EC3EE1D-3C4E-46DD-8F32-0CC8E7565705}") = "Fun.Blazor.Generator", "Fun.Blazor.Generator\Fun.Blazor.Generator.fsproj", "{40FBF713-D3AC-425B-B2CE-73EC0A721D31}"
EndProject
Project("{6EC3EE1D-3C4E-46DD-8F32-0CC8E7565705}") = "Fun.Blazor.Cli", "Fun.Blazor.Cli\Fun.Blazor.Cli.fsproj", "{7CEE3A57-69E6-4F91-BD11-D66CBB4D59F4}"
EndProject
Project("{6EC3EE1D-3C4E-46DD-8F32-0CC8E7565705}") = "Fun.Blazor.Generator.Default", "Fun.Blazor.Generator.Default\Fun.Blazor.Generator.Default.fsproj", "{D0AA94A2-62D1-49AF-B43C-AAB592EB944A}"
EndProject
Project("{6EC3EE1D-3C4E-46DD-8F32-0CC8E7565705}") = "Fun.Blazor.Docs.Wasm", "Fun.Blazor.Docs.Wasm\Fun.Blazor.Docs.Wasm.fsproj", "{2BE91776-A6E9-4174-A57A-D2A61026C879}"
EndProject
Project("{6EC3EE1D-3C4E-46DD-8F32-0CC8E7565705}") = "Fun.Blazor.Docs.Server", "Fun.Blazor.Docs.Server\Fun.Blazor.Docs.Server.fsproj", "{E5CC1CFE-489B-49EA-95E5-E1F5D8226AB8}"
EndProject
Project("{6EC3EE1D-3C4E-46DD-8F32-0CC8E7565705}") = "Fun.Blazor.Tests", "Fun.Blazor.Tests\Fun.Blazor.Tests.fsproj", "{3A3B4F9C-A11F-403A-AF20-E121164F7133}"
EndProject
Project("{6EC3EE1D-3C4E-46DD-8F32-0CC8E7565705}") = "Fun.Blazor.Feliz", "Fun.Blazor.Feliz\Fun.Blazor.Feliz.fsproj", "{E178186E-812F-43F5-B52F-F8998B18CF59}"
EndProject
Project("{6EC3EE1D-3C4E-46DD-8F32-0CC8E7565705}") = "Fun.Css", "Fun.Css\Fun.Css.fsproj", "{7DAF5502-9010-418F-AE9E-4EA370788397}"
EndProject
Project("{6EC3EE1D-3C4E-46DD-8F32-0CC8E7565705}") = "Fun.Blazor.HtmlTemplate", "Fun.Blazor.HtmlTemplate\Fun.Blazor.HtmlTemplate.fsproj", "{8BF7E79A-E3BA-48E9-AE25-10B03B39BEFD}"
EndProject
Project("{6EC3EE1D-3C4E-46DD-8F32-0CC8E7565705}") = "Fun.Blazor.Server", "Fun.Blazor.Server\Fun.Blazor.Server.fsproj", "{C0BE35FE-A528-4EA3-8BA3-E4CE9FC6BB67}"
EndProject
Project("{6EC3EE1D-3C4E-46DD-8F32-0CC8E7565705}") = "Fun.Blazor.Wasm", "Fun.Blazor.Wasm\Fun.Blazor.Wasm.fsproj", "{7C8E3BBF-CAB1-4F06-AE7A-5A3235313833}"
EndProject
Project("{6EC3EE1D-3C4E-46DD-8F32-0CC8E7565705}") = "Fun.Blazor.Elmish", "Fun.Blazor.Elmish\Fun.Blazor.Elmish.fsproj", "{8622AAF9-FAFE-4193-A5E4-CA74FA859ADB}"
EndProject
Project("{6EC3EE1D-3C4E-46DD-8F32-0CC8E7565705}") = "Fun.Bolero", "Fun.Bolero\Fun.Bolero.fsproj", "{CD9A94F4-0709-48A1-B584-0B91161A4844}"
EndProject
Project("{2150E333-8FDC-42A3-9474-1A3956D46DE8}") = "Benchmark", "Benchmark", "{624CB413-D757-4065-B7CD-2980DDFB5906}"
EndProject
Project("{6EC3EE1D-3C4E-46DD-8F32-0CC8E7565705}") = "BenchmarkV1", "Benchmark\BenchmarkV1\BenchmarkV1.fsproj", "{04ED56C4-6C0F-419B-907D-E6B5C0F7D24A}"
EndProject
Project("{6EC3EE1D-3C4E-46DD-8F32-0CC8E7565705}") = "BenchmarkV2", "Benchmark\BenchmarkV2\BenchmarkV2.fsproj", "{4C6080A6-FE90-45D3-9681-5CCD6F26C6C4}"
EndProject
Project("{9A19103F-16F7-4668-BE54-9A1E7A4F7556}") = "CSharpComponents", "Benchmark\CSharpComponents\CSharpComponents.csproj", "{4E9816B3-C977-4713-A8BB-22AE446E2318}"
EndProject
Global
	GlobalSection(SolutionConfigurationPlatforms) = preSolution
		Debug|Any CPU = Debug|Any CPU
		Debug|x64 = Debug|x64
		Debug|x86 = Debug|x86
		Release|Any CPU = Release|Any CPU
		Release|x64 = Release|x64
		Release|x86 = Release|x86
	EndGlobalSection
	GlobalSection(ProjectConfigurationPlatforms) = postSolution
		{E7965204-4670-40D4-A1B8-49E923EEC22F}.Debug|Any CPU.ActiveCfg = Debug|Any CPU
		{E7965204-4670-40D4-A1B8-49E923EEC22F}.Debug|Any CPU.Build.0 = Debug|Any CPU
		{E7965204-4670-40D4-A1B8-49E923EEC22F}.Debug|x64.ActiveCfg = Debug|Any CPU
		{E7965204-4670-40D4-A1B8-49E923EEC22F}.Debug|x64.Build.0 = Debug|Any CPU
		{E7965204-4670-40D4-A1B8-49E923EEC22F}.Debug|x86.ActiveCfg = Debug|Any CPU
		{E7965204-4670-40D4-A1B8-49E923EEC22F}.Debug|x86.Build.0 = Debug|Any CPU
		{E7965204-4670-40D4-A1B8-49E923EEC22F}.Release|Any CPU.ActiveCfg = Release|Any CPU
		{E7965204-4670-40D4-A1B8-49E923EEC22F}.Release|Any CPU.Build.0 = Release|Any CPU
		{E7965204-4670-40D4-A1B8-49E923EEC22F}.Release|x64.ActiveCfg = Release|Any CPU
		{E7965204-4670-40D4-A1B8-49E923EEC22F}.Release|x64.Build.0 = Release|Any CPU
		{E7965204-4670-40D4-A1B8-49E923EEC22F}.Release|x86.ActiveCfg = Release|Any CPU
		{E7965204-4670-40D4-A1B8-49E923EEC22F}.Release|x86.Build.0 = Release|Any CPU
		{40FBF713-D3AC-425B-B2CE-73EC0A721D31}.Debug|Any CPU.ActiveCfg = Debug|Any CPU
		{40FBF713-D3AC-425B-B2CE-73EC0A721D31}.Debug|Any CPU.Build.0 = Debug|Any CPU
		{40FBF713-D3AC-425B-B2CE-73EC0A721D31}.Debug|x64.ActiveCfg = Debug|Any CPU
		{40FBF713-D3AC-425B-B2CE-73EC0A721D31}.Debug|x64.Build.0 = Debug|Any CPU
		{40FBF713-D3AC-425B-B2CE-73EC0A721D31}.Debug|x86.ActiveCfg = Debug|Any CPU
		{40FBF713-D3AC-425B-B2CE-73EC0A721D31}.Debug|x86.Build.0 = Debug|Any CPU
		{40FBF713-D3AC-425B-B2CE-73EC0A721D31}.Release|Any CPU.ActiveCfg = Release|Any CPU
		{40FBF713-D3AC-425B-B2CE-73EC0A721D31}.Release|Any CPU.Build.0 = Release|Any CPU
		{40FBF713-D3AC-425B-B2CE-73EC0A721D31}.Release|x64.ActiveCfg = Release|Any CPU
		{40FBF713-D3AC-425B-B2CE-73EC0A721D31}.Release|x64.Build.0 = Release|Any CPU
		{40FBF713-D3AC-425B-B2CE-73EC0A721D31}.Release|x86.ActiveCfg = Release|Any CPU
		{40FBF713-D3AC-425B-B2CE-73EC0A721D31}.Release|x86.Build.0 = Release|Any CPU
		{7CEE3A57-69E6-4F91-BD11-D66CBB4D59F4}.Debug|Any CPU.ActiveCfg = Debug|Any CPU
		{7CEE3A57-69E6-4F91-BD11-D66CBB4D59F4}.Debug|Any CPU.Build.0 = Debug|Any CPU
		{7CEE3A57-69E6-4F91-BD11-D66CBB4D59F4}.Debug|x64.ActiveCfg = Debug|Any CPU
		{7CEE3A57-69E6-4F91-BD11-D66CBB4D59F4}.Debug|x64.Build.0 = Debug|Any CPU
		{7CEE3A57-69E6-4F91-BD11-D66CBB4D59F4}.Debug|x86.ActiveCfg = Debug|Any CPU
		{7CEE3A57-69E6-4F91-BD11-D66CBB4D59F4}.Debug|x86.Build.0 = Debug|Any CPU
		{7CEE3A57-69E6-4F91-BD11-D66CBB4D59F4}.Release|Any CPU.ActiveCfg = Release|Any CPU
		{7CEE3A57-69E6-4F91-BD11-D66CBB4D59F4}.Release|Any CPU.Build.0 = Release|Any CPU
		{7CEE3A57-69E6-4F91-BD11-D66CBB4D59F4}.Release|x64.ActiveCfg = Release|Any CPU
		{7CEE3A57-69E6-4F91-BD11-D66CBB4D59F4}.Release|x64.Build.0 = Release|Any CPU
		{7CEE3A57-69E6-4F91-BD11-D66CBB4D59F4}.Release|x86.ActiveCfg = Release|Any CPU
		{7CEE3A57-69E6-4F91-BD11-D66CBB4D59F4}.Release|x86.Build.0 = Release|Any CPU
		{D0AA94A2-62D1-49AF-B43C-AAB592EB944A}.Debug|Any CPU.ActiveCfg = Debug|Any CPU
		{D0AA94A2-62D1-49AF-B43C-AAB592EB944A}.Debug|Any CPU.Build.0 = Debug|Any CPU
		{D0AA94A2-62D1-49AF-B43C-AAB592EB944A}.Debug|x64.ActiveCfg = Debug|Any CPU
		{D0AA94A2-62D1-49AF-B43C-AAB592EB944A}.Debug|x64.Build.0 = Debug|Any CPU
		{D0AA94A2-62D1-49AF-B43C-AAB592EB944A}.Debug|x86.ActiveCfg = Debug|Any CPU
		{D0AA94A2-62D1-49AF-B43C-AAB592EB944A}.Debug|x86.Build.0 = Debug|Any CPU
		{D0AA94A2-62D1-49AF-B43C-AAB592EB944A}.Release|Any CPU.ActiveCfg = Release|Any CPU
		{D0AA94A2-62D1-49AF-B43C-AAB592EB944A}.Release|Any CPU.Build.0 = Release|Any CPU
		{D0AA94A2-62D1-49AF-B43C-AAB592EB944A}.Release|x64.ActiveCfg = Release|Any CPU
		{D0AA94A2-62D1-49AF-B43C-AAB592EB944A}.Release|x64.Build.0 = Release|Any CPU
		{D0AA94A2-62D1-49AF-B43C-AAB592EB944A}.Release|x86.ActiveCfg = Release|Any CPU
		{D0AA94A2-62D1-49AF-B43C-AAB592EB944A}.Release|x86.Build.0 = Release|Any CPU
		{2BE91776-A6E9-4174-A57A-D2A61026C879}.Debug|Any CPU.ActiveCfg = Debug|Any CPU
		{2BE91776-A6E9-4174-A57A-D2A61026C879}.Debug|Any CPU.Build.0 = Debug|Any CPU
		{2BE91776-A6E9-4174-A57A-D2A61026C879}.Debug|x64.ActiveCfg = Debug|Any CPU
		{2BE91776-A6E9-4174-A57A-D2A61026C879}.Debug|x64.Build.0 = Debug|Any CPU
		{2BE91776-A6E9-4174-A57A-D2A61026C879}.Debug|x86.ActiveCfg = Debug|Any CPU
		{2BE91776-A6E9-4174-A57A-D2A61026C879}.Debug|x86.Build.0 = Debug|Any CPU
		{2BE91776-A6E9-4174-A57A-D2A61026C879}.Release|Any CPU.ActiveCfg = Release|Any CPU
		{2BE91776-A6E9-4174-A57A-D2A61026C879}.Release|Any CPU.Build.0 = Release|Any CPU
		{2BE91776-A6E9-4174-A57A-D2A61026C879}.Release|x64.ActiveCfg = Release|Any CPU
		{2BE91776-A6E9-4174-A57A-D2A61026C879}.Release|x64.Build.0 = Release|Any CPU
		{2BE91776-A6E9-4174-A57A-D2A61026C879}.Release|x86.ActiveCfg = Release|Any CPU
		{2BE91776-A6E9-4174-A57A-D2A61026C879}.Release|x86.Build.0 = Release|Any CPU
		{E5CC1CFE-489B-49EA-95E5-E1F5D8226AB8}.Debug|Any CPU.ActiveCfg = Debug|Any CPU
		{E5CC1CFE-489B-49EA-95E5-E1F5D8226AB8}.Debug|Any CPU.Build.0 = Debug|Any CPU
		{E5CC1CFE-489B-49EA-95E5-E1F5D8226AB8}.Debug|x64.ActiveCfg = Debug|Any CPU
		{E5CC1CFE-489B-49EA-95E5-E1F5D8226AB8}.Debug|x64.Build.0 = Debug|Any CPU
		{E5CC1CFE-489B-49EA-95E5-E1F5D8226AB8}.Debug|x86.ActiveCfg = Debug|Any CPU
		{E5CC1CFE-489B-49EA-95E5-E1F5D8226AB8}.Debug|x86.Build.0 = Debug|Any CPU
		{E5CC1CFE-489B-49EA-95E5-E1F5D8226AB8}.Release|Any CPU.ActiveCfg = Release|Any CPU
		{E5CC1CFE-489B-49EA-95E5-E1F5D8226AB8}.Release|Any CPU.Build.0 = Release|Any CPU
		{E5CC1CFE-489B-49EA-95E5-E1F5D8226AB8}.Release|x64.ActiveCfg = Release|Any CPU
		{E5CC1CFE-489B-49EA-95E5-E1F5D8226AB8}.Release|x64.Build.0 = Release|Any CPU
		{E5CC1CFE-489B-49EA-95E5-E1F5D8226AB8}.Release|x86.ActiveCfg = Release|Any CPU
		{E5CC1CFE-489B-49EA-95E5-E1F5D8226AB8}.Release|x86.Build.0 = Release|Any CPU
		{3A3B4F9C-A11F-403A-AF20-E121164F7133}.Debug|Any CPU.ActiveCfg = Debug|Any CPU
		{3A3B4F9C-A11F-403A-AF20-E121164F7133}.Debug|Any CPU.Build.0 = Debug|Any CPU
		{3A3B4F9C-A11F-403A-AF20-E121164F7133}.Debug|x64.ActiveCfg = Debug|Any CPU
		{3A3B4F9C-A11F-403A-AF20-E121164F7133}.Debug|x64.Build.0 = Debug|Any CPU
		{3A3B4F9C-A11F-403A-AF20-E121164F7133}.Debug|x86.ActiveCfg = Debug|Any CPU
		{3A3B4F9C-A11F-403A-AF20-E121164F7133}.Debug|x86.Build.0 = Debug|Any CPU
		{3A3B4F9C-A11F-403A-AF20-E121164F7133}.Release|Any CPU.ActiveCfg = Release|Any CPU
		{3A3B4F9C-A11F-403A-AF20-E121164F7133}.Release|Any CPU.Build.0 = Release|Any CPU
		{3A3B4F9C-A11F-403A-AF20-E121164F7133}.Release|x64.ActiveCfg = Release|Any CPU
		{3A3B4F9C-A11F-403A-AF20-E121164F7133}.Release|x64.Build.0 = Release|Any CPU
		{3A3B4F9C-A11F-403A-AF20-E121164F7133}.Release|x86.ActiveCfg = Release|Any CPU
		{3A3B4F9C-A11F-403A-AF20-E121164F7133}.Release|x86.Build.0 = Release|Any CPU
		{E178186E-812F-43F5-B52F-F8998B18CF59}.Debug|Any CPU.ActiveCfg = Debug|Any CPU
		{E178186E-812F-43F5-B52F-F8998B18CF59}.Debug|Any CPU.Build.0 = Debug|Any CPU
		{E178186E-812F-43F5-B52F-F8998B18CF59}.Debug|x64.ActiveCfg = Debug|Any CPU
		{E178186E-812F-43F5-B52F-F8998B18CF59}.Debug|x64.Build.0 = Debug|Any CPU
		{E178186E-812F-43F5-B52F-F8998B18CF59}.Debug|x86.ActiveCfg = Debug|Any CPU
		{E178186E-812F-43F5-B52F-F8998B18CF59}.Debug|x86.Build.0 = Debug|Any CPU
		{E178186E-812F-43F5-B52F-F8998B18CF59}.Release|Any CPU.ActiveCfg = Release|Any CPU
		{E178186E-812F-43F5-B52F-F8998B18CF59}.Release|Any CPU.Build.0 = Release|Any CPU
		{E178186E-812F-43F5-B52F-F8998B18CF59}.Release|x64.ActiveCfg = Release|Any CPU
		{E178186E-812F-43F5-B52F-F8998B18CF59}.Release|x64.Build.0 = Release|Any CPU
		{E178186E-812F-43F5-B52F-F8998B18CF59}.Release|x86.ActiveCfg = Release|Any CPU
		{E178186E-812F-43F5-B52F-F8998B18CF59}.Release|x86.Build.0 = Release|Any CPU
		{7DAF5502-9010-418F-AE9E-4EA370788397}.Debug|Any CPU.ActiveCfg = Debug|Any CPU
		{7DAF5502-9010-418F-AE9E-4EA370788397}.Debug|Any CPU.Build.0 = Debug|Any CPU
		{7DAF5502-9010-418F-AE9E-4EA370788397}.Debug|x64.ActiveCfg = Debug|Any CPU
		{7DAF5502-9010-418F-AE9E-4EA370788397}.Debug|x64.Build.0 = Debug|Any CPU
		{7DAF5502-9010-418F-AE9E-4EA370788397}.Debug|x86.ActiveCfg = Debug|Any CPU
		{7DAF5502-9010-418F-AE9E-4EA370788397}.Debug|x86.Build.0 = Debug|Any CPU
		{7DAF5502-9010-418F-AE9E-4EA370788397}.Release|Any CPU.ActiveCfg = Release|Any CPU
		{7DAF5502-9010-418F-AE9E-4EA370788397}.Release|Any CPU.Build.0 = Release|Any CPU
		{7DAF5502-9010-418F-AE9E-4EA370788397}.Release|x64.ActiveCfg = Release|Any CPU
		{7DAF5502-9010-418F-AE9E-4EA370788397}.Release|x64.Build.0 = Release|Any CPU
		{7DAF5502-9010-418F-AE9E-4EA370788397}.Release|x86.ActiveCfg = Release|Any CPU
		{7DAF5502-9010-418F-AE9E-4EA370788397}.Release|x86.Build.0 = Release|Any CPU
		{8BF7E79A-E3BA-48E9-AE25-10B03B39BEFD}.Debug|Any CPU.ActiveCfg = Debug|Any CPU
		{8BF7E79A-E3BA-48E9-AE25-10B03B39BEFD}.Debug|Any CPU.Build.0 = Debug|Any CPU
		{8BF7E79A-E3BA-48E9-AE25-10B03B39BEFD}.Debug|x64.ActiveCfg = Debug|Any CPU
		{8BF7E79A-E3BA-48E9-AE25-10B03B39BEFD}.Debug|x64.Build.0 = Debug|Any CPU
		{8BF7E79A-E3BA-48E9-AE25-10B03B39BEFD}.Debug|x86.ActiveCfg = Debug|Any CPU
		{8BF7E79A-E3BA-48E9-AE25-10B03B39BEFD}.Debug|x86.Build.0 = Debug|Any CPU
		{8BF7E79A-E3BA-48E9-AE25-10B03B39BEFD}.Release|Any CPU.ActiveCfg = Release|Any CPU
		{8BF7E79A-E3BA-48E9-AE25-10B03B39BEFD}.Release|Any CPU.Build.0 = Release|Any CPU
		{8BF7E79A-E3BA-48E9-AE25-10B03B39BEFD}.Release|x64.ActiveCfg = Release|Any CPU
		{8BF7E79A-E3BA-48E9-AE25-10B03B39BEFD}.Release|x64.Build.0 = Release|Any CPU
		{8BF7E79A-E3BA-48E9-AE25-10B03B39BEFD}.Release|x86.ActiveCfg = Release|Any CPU
		{8BF7E79A-E3BA-48E9-AE25-10B03B39BEFD}.Release|x86.Build.0 = Release|Any CPU
		{C0BE35FE-A528-4EA3-8BA3-E4CE9FC6BB67}.Debug|Any CPU.ActiveCfg = Debug|Any CPU
		{C0BE35FE-A528-4EA3-8BA3-E4CE9FC6BB67}.Debug|Any CPU.Build.0 = Debug|Any CPU
		{C0BE35FE-A528-4EA3-8BA3-E4CE9FC6BB67}.Debug|x64.ActiveCfg = Debug|Any CPU
		{C0BE35FE-A528-4EA3-8BA3-E4CE9FC6BB67}.Debug|x64.Build.0 = Debug|Any CPU
		{C0BE35FE-A528-4EA3-8BA3-E4CE9FC6BB67}.Debug|x86.ActiveCfg = Debug|Any CPU
		{C0BE35FE-A528-4EA3-8BA3-E4CE9FC6BB67}.Debug|x86.Build.0 = Debug|Any CPU
		{C0BE35FE-A528-4EA3-8BA3-E4CE9FC6BB67}.Release|Any CPU.ActiveCfg = Release|Any CPU
		{C0BE35FE-A528-4EA3-8BA3-E4CE9FC6BB67}.Release|Any CPU.Build.0 = Release|Any CPU
		{C0BE35FE-A528-4EA3-8BA3-E4CE9FC6BB67}.Release|x64.ActiveCfg = Release|Any CPU
		{C0BE35FE-A528-4EA3-8BA3-E4CE9FC6BB67}.Release|x64.Build.0 = Release|Any CPU
		{C0BE35FE-A528-4EA3-8BA3-E4CE9FC6BB67}.Release|x86.ActiveCfg = Release|Any CPU
		{C0BE35FE-A528-4EA3-8BA3-E4CE9FC6BB67}.Release|x86.Build.0 = Release|Any CPU
		{7C8E3BBF-CAB1-4F06-AE7A-5A3235313833}.Debug|Any CPU.ActiveCfg = Debug|Any CPU
		{7C8E3BBF-CAB1-4F06-AE7A-5A3235313833}.Debug|Any CPU.Build.0 = Debug|Any CPU
		{7C8E3BBF-CAB1-4F06-AE7A-5A3235313833}.Debug|x64.ActiveCfg = Debug|Any CPU
		{7C8E3BBF-CAB1-4F06-AE7A-5A3235313833}.Debug|x64.Build.0 = Debug|Any CPU
		{7C8E3BBF-CAB1-4F06-AE7A-5A3235313833}.Debug|x86.ActiveCfg = Debug|Any CPU
		{7C8E3BBF-CAB1-4F06-AE7A-5A3235313833}.Debug|x86.Build.0 = Debug|Any CPU
		{7C8E3BBF-CAB1-4F06-AE7A-5A3235313833}.Release|Any CPU.ActiveCfg = Release|Any CPU
		{7C8E3BBF-CAB1-4F06-AE7A-5A3235313833}.Release|Any CPU.Build.0 = Release|Any CPU
		{7C8E3BBF-CAB1-4F06-AE7A-5A3235313833}.Release|x64.ActiveCfg = Release|Any CPU
		{7C8E3BBF-CAB1-4F06-AE7A-5A3235313833}.Release|x64.Build.0 = Release|Any CPU
		{7C8E3BBF-CAB1-4F06-AE7A-5A3235313833}.Release|x86.ActiveCfg = Release|Any CPU
		{7C8E3BBF-CAB1-4F06-AE7A-5A3235313833}.Release|x86.Build.0 = Release|Any CPU
		{8622AAF9-FAFE-4193-A5E4-CA74FA859ADB}.Debug|Any CPU.ActiveCfg = Debug|Any CPU
		{8622AAF9-FAFE-4193-A5E4-CA74FA859ADB}.Debug|Any CPU.Build.0 = Debug|Any CPU
		{8622AAF9-FAFE-4193-A5E4-CA74FA859ADB}.Debug|x64.ActiveCfg = Debug|Any CPU
		{8622AAF9-FAFE-4193-A5E4-CA74FA859ADB}.Debug|x64.Build.0 = Debug|Any CPU
		{8622AAF9-FAFE-4193-A5E4-CA74FA859ADB}.Debug|x86.ActiveCfg = Debug|Any CPU
		{8622AAF9-FAFE-4193-A5E4-CA74FA859ADB}.Debug|x86.Build.0 = Debug|Any CPU
		{8622AAF9-FAFE-4193-A5E4-CA74FA859ADB}.Release|Any CPU.ActiveCfg = Release|Any CPU
		{8622AAF9-FAFE-4193-A5E4-CA74FA859ADB}.Release|Any CPU.Build.0 = Release|Any CPU
		{8622AAF9-FAFE-4193-A5E4-CA74FA859ADB}.Release|x64.ActiveCfg = Release|Any CPU
		{8622AAF9-FAFE-4193-A5E4-CA74FA859ADB}.Release|x64.Build.0 = Release|Any CPU
		{8622AAF9-FAFE-4193-A5E4-CA74FA859ADB}.Release|x86.ActiveCfg = Release|Any CPU
		{8622AAF9-FAFE-4193-A5E4-CA74FA859ADB}.Release|x86.Build.0 = Release|Any CPU
		{CD9A94F4-0709-48A1-B584-0B91161A4844}.Debug|Any CPU.ActiveCfg = Debug|Any CPU
		{CD9A94F4-0709-48A1-B584-0B91161A4844}.Debug|Any CPU.Build.0 = Debug|Any CPU
		{CD9A94F4-0709-48A1-B584-0B91161A4844}.Debug|x64.ActiveCfg = Debug|Any CPU
		{CD9A94F4-0709-48A1-B584-0B91161A4844}.Debug|x64.Build.0 = Debug|Any CPU
		{CD9A94F4-0709-48A1-B584-0B91161A4844}.Debug|x86.ActiveCfg = Debug|Any CPU
		{CD9A94F4-0709-48A1-B584-0B91161A4844}.Debug|x86.Build.0 = Debug|Any CPU
		{CD9A94F4-0709-48A1-B584-0B91161A4844}.Release|Any CPU.ActiveCfg = Release|Any CPU
		{CD9A94F4-0709-48A1-B584-0B91161A4844}.Release|Any CPU.Build.0 = Release|Any CPU
		{CD9A94F4-0709-48A1-B584-0B91161A4844}.Release|x64.ActiveCfg = Release|Any CPU
		{CD9A94F4-0709-48A1-B584-0B91161A4844}.Release|x64.Build.0 = Release|Any CPU
		{CD9A94F4-0709-48A1-B584-0B91161A4844}.Release|x86.ActiveCfg = Release|Any CPU
		{CD9A94F4-0709-48A1-B584-0B91161A4844}.Release|x86.Build.0 = Release|Any CPU
		{04ED56C4-6C0F-419B-907D-E6B5C0F7D24A}.Debug|Any CPU.ActiveCfg = Debug|Any CPU
		{04ED56C4-6C0F-419B-907D-E6B5C0F7D24A}.Debug|Any CPU.Build.0 = Debug|Any CPU
		{04ED56C4-6C0F-419B-907D-E6B5C0F7D24A}.Debug|x64.ActiveCfg = Debug|Any CPU
		{04ED56C4-6C0F-419B-907D-E6B5C0F7D24A}.Debug|x64.Build.0 = Debug|Any CPU
		{04ED56C4-6C0F-419B-907D-E6B5C0F7D24A}.Debug|x86.ActiveCfg = Debug|Any CPU
		{04ED56C4-6C0F-419B-907D-E6B5C0F7D24A}.Debug|x86.Build.0 = Debug|Any CPU
		{04ED56C4-6C0F-419B-907D-E6B5C0F7D24A}.Release|Any CPU.ActiveCfg = Release|Any CPU
		{04ED56C4-6C0F-419B-907D-E6B5C0F7D24A}.Release|Any CPU.Build.0 = Release|Any CPU
		{04ED56C4-6C0F-419B-907D-E6B5C0F7D24A}.Release|x64.ActiveCfg = Release|Any CPU
		{04ED56C4-6C0F-419B-907D-E6B5C0F7D24A}.Release|x64.Build.0 = Release|Any CPU
		{04ED56C4-6C0F-419B-907D-E6B5C0F7D24A}.Release|x86.ActiveCfg = Release|Any CPU
		{04ED56C4-6C0F-419B-907D-E6B5C0F7D24A}.Release|x86.Build.0 = Release|Any CPU
		{4C6080A6-FE90-45D3-9681-5CCD6F26C6C4}.Debug|Any CPU.ActiveCfg = Debug|Any CPU
		{4C6080A6-FE90-45D3-9681-5CCD6F26C6C4}.Debug|Any CPU.Build.0 = Debug|Any CPU
		{4C6080A6-FE90-45D3-9681-5CCD6F26C6C4}.Debug|x64.ActiveCfg = Debug|Any CPU
		{4C6080A6-FE90-45D3-9681-5CCD6F26C6C4}.Debug|x64.Build.0 = Debug|Any CPU
		{4C6080A6-FE90-45D3-9681-5CCD6F26C6C4}.Debug|x86.ActiveCfg = Debug|Any CPU
		{4C6080A6-FE90-45D3-9681-5CCD6F26C6C4}.Debug|x86.Build.0 = Debug|Any CPU
		{4C6080A6-FE90-45D3-9681-5CCD6F26C6C4}.Release|Any CPU.ActiveCfg = Release|Any CPU
		{4C6080A6-FE90-45D3-9681-5CCD6F26C6C4}.Release|Any CPU.Build.0 = Release|Any CPU
		{4C6080A6-FE90-45D3-9681-5CCD6F26C6C4}.Release|x64.ActiveCfg = Release|Any CPU
		{4C6080A6-FE90-45D3-9681-5CCD6F26C6C4}.Release|x64.Build.0 = Release|Any CPU
		{4C6080A6-FE90-45D3-9681-5CCD6F26C6C4}.Release|x86.ActiveCfg = Release|Any CPU
		{4C6080A6-FE90-45D3-9681-5CCD6F26C6C4}.Release|x86.Build.0 = Release|Any CPU
		{4E9816B3-C977-4713-A8BB-22AE446E2318}.Debug|Any CPU.ActiveCfg = Debug|Any CPU
		{4E9816B3-C977-4713-A8BB-22AE446E2318}.Debug|Any CPU.Build.0 = Debug|Any CPU
		{4E9816B3-C977-4713-A8BB-22AE446E2318}.Debug|x64.ActiveCfg = Debug|Any CPU
		{4E9816B3-C977-4713-A8BB-22AE446E2318}.Debug|x64.Build.0 = Debug|Any CPU
		{4E9816B3-C977-4713-A8BB-22AE446E2318}.Debug|x86.ActiveCfg = Debug|Any CPU
		{4E9816B3-C977-4713-A8BB-22AE446E2318}.Debug|x86.Build.0 = Debug|Any CPU
		{4E9816B3-C977-4713-A8BB-22AE446E2318}.Release|Any CPU.ActiveCfg = Release|Any CPU
		{4E9816B3-C977-4713-A8BB-22AE446E2318}.Release|Any CPU.Build.0 = Release|Any CPU
		{4E9816B3-C977-4713-A8BB-22AE446E2318}.Release|x64.ActiveCfg = Release|Any CPU
		{4E9816B3-C977-4713-A8BB-22AE446E2318}.Release|x64.Build.0 = Release|Any CPU
		{4E9816B3-C977-4713-A8BB-22AE446E2318}.Release|x86.ActiveCfg = Release|Any CPU
		{4E9816B3-C977-4713-A8BB-22AE446E2318}.Release|x86.Build.0 = Release|Any CPU
	EndGlobalSection
	GlobalSection(SolutionProperties) = preSolution
		HideSolutionNode = FALSE
	EndGlobalSection
	GlobalSection(NestedProjects) = preSolution
		{04ED56C4-6C0F-419B-907D-E6B5C0F7D24A} = {624CB413-D757-4065-B7CD-2980DDFB5906}
		{4C6080A6-FE90-45D3-9681-5CCD6F26C6C4} = {624CB413-D757-4065-B7CD-2980DDFB5906}
		{4E9816B3-C977-4713-A8BB-22AE446E2318} = {624CB413-D757-4065-B7CD-2980DDFB5906}
	EndGlobalSection
	GlobalSection(ExtensibilityGlobals) = postSolution
		SolutionGuid = {8CFD6033-FB8D-48BE-9628-9D83DC023CAB}
	EndGlobalSection
EndGlobal
