
Microsoft Visual Studio Solution File, Format Version 12.00
# Visual Studio Version 17
VisualStudioVersion = 17.0.31903.59
MinimumVisualStudioVersion = 10.0.40219.1
Project("{6EC3EE1D-3C4E-46DD-8F32-0CC8E7565705}") = "Fun.Blazor", "Fun.Blazor\Fun.Blazor.fsproj", "{5BEE6420-71E9-489A-AF4F-C20D5FA9B569}"
EndProject
Project("{6EC3EE1D-3C4E-46DD-8F32-0CC8E7565705}") = "Fun.Blazor.Cli", "Fun.Blazor.Cli\Fun.Blazor.Cli.fsproj", "{EB9304FE-0EC8-475A-BEF2-CDD680CF6614}"
EndProject
Project("{6EC3EE1D-3C4E-46DD-8F32-0CC8E7565705}") = "Fun.Blazor.CustomElements", "Fun.Blazor.CustomElements\Fun.Blazor.CustomElements.fsproj", "{0195325D-8BE0-46B8-9A36-7ECD14378D78}"
EndProject
Project("{6EC3EE1D-3C4E-46DD-8F32-0CC8E7565705}") = "Fun.Blazor.Elmish", "Fun.Blazor.Elmish\Fun.Blazor.Elmish.fsproj", "{102DCE0F-38F0-4E17-8A79-93448E9BB85A}"
EndProject
Project("{6EC3EE1D-3C4E-46DD-8F32-0CC8E7565705}") = "Fun.Blazor.Generator", "Fun.Blazor.Generator\Fun.Blazor.Generator.fsproj", "{1CCA8069-DC6F-402D-BA8C-EC15B44E7A83}"
EndProject
Project("{6EC3EE1D-3C4E-46DD-8F32-0CC8E7565705}") = "Fun.Blazor.HotReload", "Fun.Blazor.HotReload\Fun.Blazor.HotReload.fsproj", "{D1AE387B-BF2E-403C-9ED3-DD7BEF82FB6E}"
EndProject
Project("{6EC3EE1D-3C4E-46DD-8F32-0CC8E7565705}") = "Fun.Blazor.HtmlTemplate", "Fun.Blazor.HtmlTemplate\Fun.Blazor.HtmlTemplate.fsproj", "{53285358-43F4-4914-91FF-AE63DF840F33}"
EndProject
Project("{6EC3EE1D-3C4E-46DD-8F32-0CC8E7565705}") = "Fun.Blazor.Reactive", "Fun.Blazor.Reactive\Fun.Blazor.Reactive.fsproj", "{88801D57-DE69-494A-8356-12E616C0D14D}"
EndProject
Project("{6EC3EE1D-3C4E-46DD-8F32-0CC8E7565705}") = "Fun.Blazor.Server", "Fun.Blazor.Server\Fun.Blazor.Server.fsproj", "{62E39AE7-86D7-402A-8227-CBA0307076DC}"
EndProject
Project("{6EC3EE1D-3C4E-46DD-8F32-0CC8E7565705}") = "Fun.Blazor.Wasm", "Fun.Blazor.Wasm\Fun.Blazor.Wasm.fsproj", "{4260B540-86FC-4913-AFD2-9821077F2DE0}"
EndProject
Project("{6EC3EE1D-3C4E-46DD-8F32-0CC8E7565705}") = "Fun.Blazor.Tests", "Fun.Blazor.Tests\Fun.Blazor.Tests.fsproj", "{8384B377-A035-40BD-A3CB-762BBE713150}"
EndProject
Project("{6EC3EE1D-3C4E-46DD-8F32-0CC8E7565705}") = "Fun.Blazor.Docs.Wasm", "Fun.Blazor.Docs.Wasm\Fun.Blazor.Docs.Wasm.fsproj", "{43E6A0DD-5C75-4463-851D-2BAC4A2DA647}"
EndProject
Project("{6EC3EE1D-3C4E-46DD-8F32-0CC8E7565705}") = "Fun.Blazor.Docs.Server", "Fun.Blazor.Docs.Server\Fun.Blazor.Docs.Server.fsproj", "{81756F75-5BB4-4D7C-86DB-8D85BC0F4399}"
EndProject
Project("{2150E333-8FDC-42A3-9474-1A3956D46DE8}") = "Benchmark", "Benchmark", "{A6FBE01E-C6E8-49E6-AC9F-040ADF27BAA7}"
EndProject
Project("{9A19103F-16F7-4668-BE54-9A1E7A4F7556}") = "CSharpComponents", "Benchmark\CSharpComponents\CSharpComponents.csproj", "{48433C3B-4FCB-4B0D-8FE8-875635FC641E}"
EndProject
Project("{6EC3EE1D-3C4E-46DD-8F32-0CC8E7565705}") = "BenchmarkV2", "Benchmark\BenchmarkV2\BenchmarkV2.fsproj", "{39C9CB7C-E184-4B46-96CD-A2C33D8FA252}"
EndProject
Project("{2150E333-8FDC-42A3-9474-1A3956D46DE8}") = "Docs", "Docs", "{9211CAD5-14E5-44AB-BB49-9D6C61994821}"
EndProject
Project("{6EC3EE1D-3C4E-46DD-8F32-0CC8E7565705}") = "Fun.Blazor.MudBlazor", "Bindings\Fun.Blazor.MudBlazor\Fun.Blazor.MudBlazor.fsproj", "{DA4F8BA9-BD57-43E0-973F-3D3F35A796F7}"
EndProject
Project("{6EC3EE1D-3C4E-46DD-8F32-0CC8E7565705}") = "Fun.Blazor.Microsoft.Web", "Bindings\Fun.Blazor.Microsoft.Web\Fun.Blazor.Microsoft.Web.fsproj", "{DF8D5500-F061-45B5-B1B1-F8BD075968AD}"
EndProject
Project("{2150E333-8FDC-42A3-9474-1A3956D46DE8}") = "Bindings", "Bindings", "{E6E12636-EB06-4A25-9C00-5B307E3CAE37}"
EndProject
Global
	GlobalSection(SolutionConfigurationPlatforms) = preSolution
		Debug|Any CPU = Debug|Any CPU
		Release|Any CPU = Release|Any CPU
	EndGlobalSection
	GlobalSection(ProjectConfigurationPlatforms) = postSolution
		{5BEE6420-71E9-489A-AF4F-C20D5FA9B569}.Debug|Any CPU.ActiveCfg = Debug|Any CPU
		{5BEE6420-71E9-489A-AF4F-C20D5FA9B569}.Debug|Any CPU.Build.0 = Debug|Any CPU
		{5BEE6420-71E9-489A-AF4F-C20D5FA9B569}.Release|Any CPU.ActiveCfg = Release|Any CPU
		{5BEE6420-71E9-489A-AF4F-C20D5FA9B569}.Release|Any CPU.Build.0 = Release|Any CPU
		{EB9304FE-0EC8-475A-BEF2-CDD680CF6614}.Debug|Any CPU.ActiveCfg = Debug|Any CPU
		{EB9304FE-0EC8-475A-BEF2-CDD680CF6614}.Debug|Any CPU.Build.0 = Debug|Any CPU
		{EB9304FE-0EC8-475A-BEF2-CDD680CF6614}.Release|Any CPU.ActiveCfg = Release|Any CPU
		{EB9304FE-0EC8-475A-BEF2-CDD680CF6614}.Release|Any CPU.Build.0 = Release|Any CPU
		{0195325D-8BE0-46B8-9A36-7ECD14378D78}.Debug|Any CPU.ActiveCfg = Debug|Any CPU
		{0195325D-8BE0-46B8-9A36-7ECD14378D78}.Debug|Any CPU.Build.0 = Debug|Any CPU
		{0195325D-8BE0-46B8-9A36-7ECD14378D78}.Release|Any CPU.ActiveCfg = Release|Any CPU
		{0195325D-8BE0-46B8-9A36-7ECD14378D78}.Release|Any CPU.Build.0 = Release|Any CPU
		{102DCE0F-38F0-4E17-8A79-93448E9BB85A}.Debug|Any CPU.ActiveCfg = Debug|Any CPU
		{102DCE0F-38F0-4E17-8A79-93448E9BB85A}.Debug|Any CPU.Build.0 = Debug|Any CPU
		{102DCE0F-38F0-4E17-8A79-93448E9BB85A}.Release|Any CPU.ActiveCfg = Release|Any CPU
		{102DCE0F-38F0-4E17-8A79-93448E9BB85A}.Release|Any CPU.Build.0 = Release|Any CPU
		{1CCA8069-DC6F-402D-BA8C-EC15B44E7A83}.Debug|Any CPU.ActiveCfg = Debug|Any CPU
		{1CCA8069-DC6F-402D-BA8C-EC15B44E7A83}.Debug|Any CPU.Build.0 = Debug|Any CPU
		{1CCA8069-DC6F-402D-BA8C-EC15B44E7A83}.Release|Any CPU.ActiveCfg = Release|Any CPU
		{1CCA8069-DC6F-402D-BA8C-EC15B44E7A83}.Release|Any CPU.Build.0 = Release|Any CPU
		{D1AE387B-BF2E-403C-9ED3-DD7BEF82FB6E}.Debug|Any CPU.ActiveCfg = Debug|Any CPU
		{D1AE387B-BF2E-403C-9ED3-DD7BEF82FB6E}.Debug|Any CPU.Build.0 = Debug|Any CPU
		{D1AE387B-BF2E-403C-9ED3-DD7BEF82FB6E}.Release|Any CPU.ActiveCfg = Release|Any CPU
		{D1AE387B-BF2E-403C-9ED3-DD7BEF82FB6E}.Release|Any CPU.Build.0 = Release|Any CPU
		{53285358-43F4-4914-91FF-AE63DF840F33}.Debug|Any CPU.ActiveCfg = Debug|Any CPU
		{53285358-43F4-4914-91FF-AE63DF840F33}.Debug|Any CPU.Build.0 = Debug|Any CPU
		{53285358-43F4-4914-91FF-AE63DF840F33}.Release|Any CPU.ActiveCfg = Release|Any CPU
		{53285358-43F4-4914-91FF-AE63DF840F33}.Release|Any CPU.Build.0 = Release|Any CPU
		{88801D57-DE69-494A-8356-12E616C0D14D}.Debug|Any CPU.ActiveCfg = Debug|Any CPU
		{88801D57-DE69-494A-8356-12E616C0D14D}.Debug|Any CPU.Build.0 = Debug|Any CPU
		{88801D57-DE69-494A-8356-12E616C0D14D}.Release|Any CPU.ActiveCfg = Release|Any CPU
		{88801D57-DE69-494A-8356-12E616C0D14D}.Release|Any CPU.Build.0 = Release|Any CPU
		{62E39AE7-86D7-402A-8227-CBA0307076DC}.Debug|Any CPU.ActiveCfg = Debug|Any CPU
		{62E39AE7-86D7-402A-8227-CBA0307076DC}.Debug|Any CPU.Build.0 = Debug|Any CPU
		{62E39AE7-86D7-402A-8227-CBA0307076DC}.Release|Any CPU.ActiveCfg = Release|Any CPU
		{62E39AE7-86D7-402A-8227-CBA0307076DC}.Release|Any CPU.Build.0 = Release|Any CPU
		{4260B540-86FC-4913-AFD2-9821077F2DE0}.Debug|Any CPU.ActiveCfg = Debug|Any CPU
		{4260B540-86FC-4913-AFD2-9821077F2DE0}.Debug|Any CPU.Build.0 = Debug|Any CPU
		{4260B540-86FC-4913-AFD2-9821077F2DE0}.Release|Any CPU.ActiveCfg = Release|Any CPU
		{4260B540-86FC-4913-AFD2-9821077F2DE0}.Release|Any CPU.Build.0 = Release|Any CPU
		{8384B377-A035-40BD-A3CB-762BBE713150}.Debug|Any CPU.ActiveCfg = Debug|Any CPU
		{8384B377-A035-40BD-A3CB-762BBE713150}.Debug|Any CPU.Build.0 = Debug|Any CPU
		{8384B377-A035-40BD-A3CB-762BBE713150}.Release|Any CPU.ActiveCfg = Release|Any CPU
		{8384B377-A035-40BD-A3CB-762BBE713150}.Release|Any CPU.Build.0 = Release|Any CPU
		{43E6A0DD-5C75-4463-851D-2BAC4A2DA647}.Debug|Any CPU.ActiveCfg = Debug|Any CPU
		{43E6A0DD-5C75-4463-851D-2BAC4A2DA647}.Debug|Any CPU.Build.0 = Debug|Any CPU
		{43E6A0DD-5C75-4463-851D-2BAC4A2DA647}.Release|Any CPU.ActiveCfg = Release|Any CPU
		{43E6A0DD-5C75-4463-851D-2BAC4A2DA647}.Release|Any CPU.Build.0 = Release|Any CPU
		{81756F75-5BB4-4D7C-86DB-8D85BC0F4399}.Debug|Any CPU.ActiveCfg = Debug|Any CPU
		{81756F75-5BB4-4D7C-86DB-8D85BC0F4399}.Debug|Any CPU.Build.0 = Debug|Any CPU
		{81756F75-5BB4-4D7C-86DB-8D85BC0F4399}.Release|Any CPU.ActiveCfg = Release|Any CPU
		{81756F75-5BB4-4D7C-86DB-8D85BC0F4399}.Release|Any CPU.Build.0 = Release|Any CPU
		{48433C3B-4FCB-4B0D-8FE8-875635FC641E}.Debug|Any CPU.ActiveCfg = Debug|Any CPU
		{48433C3B-4FCB-4B0D-8FE8-875635FC641E}.Debug|Any CPU.Build.0 = Debug|Any CPU
		{48433C3B-4FCB-4B0D-8FE8-875635FC641E}.Release|Any CPU.ActiveCfg = Release|Any CPU
		{48433C3B-4FCB-4B0D-8FE8-875635FC641E}.Release|Any CPU.Build.0 = Release|Any CPU
		{39C9CB7C-E184-4B46-96CD-A2C33D8FA252}.Debug|Any CPU.ActiveCfg = Debug|Any CPU
		{39C9CB7C-E184-4B46-96CD-A2C33D8FA252}.Debug|Any CPU.Build.0 = Debug|Any CPU
		{39C9CB7C-E184-4B46-96CD-A2C33D8FA252}.Release|Any CPU.ActiveCfg = Release|Any CPU
		{39C9CB7C-E184-4B46-96CD-A2C33D8FA252}.Release|Any CPU.Build.0 = Release|Any CPU
		{DA4F8BA9-BD57-43E0-973F-3D3F35A796F7}.Debug|Any CPU.ActiveCfg = Debug|Any CPU
		{DA4F8BA9-BD57-43E0-973F-3D3F35A796F7}.Debug|Any CPU.Build.0 = Debug|Any CPU
		{DA4F8BA9-BD57-43E0-973F-3D3F35A796F7}.Release|Any CPU.ActiveCfg = Release|Any CPU
		{DA4F8BA9-BD57-43E0-973F-3D3F35A796F7}.Release|Any CPU.Build.0 = Release|Any CPU
		{DF8D5500-F061-45B5-B1B1-F8BD075968AD}.Debug|Any CPU.ActiveCfg = Debug|Any CPU
		{DF8D5500-F061-45B5-B1B1-F8BD075968AD}.Debug|Any CPU.Build.0 = Debug|Any CPU
		{DF8D5500-F061-45B5-B1B1-F8BD075968AD}.Release|Any CPU.ActiveCfg = Release|Any CPU
		{DF8D5500-F061-45B5-B1B1-F8BD075968AD}.Release|Any CPU.Build.0 = Release|Any CPU
	EndGlobalSection
	GlobalSection(SolutionProperties) = preSolution
		HideSolutionNode = FALSE
	EndGlobalSection
	GlobalSection(NestedProjects) = preSolution
		{43E6A0DD-5C75-4463-851D-2BAC4A2DA647} = {9211CAD5-14E5-44AB-BB49-9D6C61994821}
		{81756F75-5BB4-4D7C-86DB-8D85BC0F4399} = {9211CAD5-14E5-44AB-BB49-9D6C61994821}
		{48433C3B-4FCB-4B0D-8FE8-875635FC641E} = {A6FBE01E-C6E8-49E6-AC9F-040ADF27BAA7}
		{39C9CB7C-E184-4B46-96CD-A2C33D8FA252} = {A6FBE01E-C6E8-49E6-AC9F-040ADF27BAA7}
		{DA4F8BA9-BD57-43E0-973F-3D3F35A796F7} = {E6E12636-EB06-4A25-9C00-5B307E3CAE37}
		{DF8D5500-F061-45B5-B1B1-F8BD075968AD} = {E6E12636-EB06-4A25-9C00-5B307E3CAE37}
	EndGlobalSection
	GlobalSection(ExtensibilityGlobals) = postSolution
		SolutionGuid = {A363A054-1399-4704-BA56-91788B484182}
	EndGlobalSection
EndGlobal
