
Microsoft Visual Studio Solution File, Format Version 12.00
# Visual Studio Version 17
VisualStudioVersion = 17.0.31410.414
MinimumVisualStudioVersion = 15.0.26124.0
Project("{6EC3EE1D-3C4E-46DD-8F32-0CC8E7565705}") = "Fun.Blazor", "Fun.Blazor\Fun.Blazor.fsproj", "{E7965204-4670-40D4-A1B8-49E923EEC22F}"
EndProject
Project("{6EC3EE1D-3C4E-46DD-8F32-0CC8E7565705}") = "Fun.Blazor.Generator", "Fun.Blazor.Generator\Fun.Blazor.Generator.fsproj", "{40FBF713-D3AC-425B-B2CE-73EC0A721D31}"
EndProject
Project("{6EC3EE1D-3C4E-46DD-8F32-0CC8E7565705}") = "Fun.Blazor.Cli", "Fun.Blazor.Cli\Fun.Blazor.Cli.fsproj", "{7CEE3A57-69E6-4F91-BD11-D66CBB4D59F4}"
EndProject
Project("{6EC3EE1D-3C4E-46DD-8F32-0CC8E7565705}") = "Fun.Blazor.Generator.Default", "Fun.Blazor.Generator.Default\Fun.Blazor.Generator.Default.fsproj", "{D0AA94A2-62D1-49AF-B43C-AAB592EB944A}"
EndProject
Project("{6EC3EE1D-3C4E-46DD-8F32-0CC8E7565705}") = "Fun.Blazor.Docs.Wasm", "Fun.Blazor.Docs.Wasm\Fun.Blazor.Docs.Wasm.fsproj", "{2BE91776-A6E9-4174-A57A-D2A61026C879}"
EndProject
Project("{6EC3EE1D-3C4E-46DD-8F32-0CC8E7565705}") = "Fun.Blazor.Docs.Server", "Fun.Blazor.Docs.Server\Fun.Blazor.Docs.Server.fsproj", "{E5CC1CFE-489B-49EA-95E5-E1F5D8226AB8}"
EndProject
Project("{F2A71F9B-5D33-465A-A702-920D77279786}") = "Fun.Blazor.Server", "Fun.Blazor.Server\Fun.Blazor.Server.fsproj", "{76338B48-A130-4253-A337-E0CA92792F4C}"
EndProject
Global
	GlobalSection(SolutionConfigurationPlatforms) = preSolution
		Debug|Any CPU = Debug|Any CPU
		Debug|x64 = Debug|x64
		Debug|x86 = Debug|x86
		Release|Any CPU = Release|Any CPU
		Release|x64 = Release|x64
		Release|x86 = Release|x86
	EndGlobalSection
	GlobalSection(ProjectConfigurationPlatforms) = postSolution
		{E7965204-4670-40D4-A1B8-49E923EEC22F}.Debug|Any CPU.ActiveCfg = Debug|Any CPU
		{E7965204-4670-40D4-A1B8-49E923EEC22F}.Debug|Any CPU.Build.0 = Debug|Any CPU
		{E7965204-4670-40D4-A1B8-49E923EEC22F}.Debug|x64.ActiveCfg = Debug|Any CPU
		{E7965204-4670-40D4-A1B8-49E923EEC22F}.Debug|x64.Build.0 = Debug|Any CPU
		{E7965204-4670-40D4-A1B8-49E923EEC22F}.Debug|x86.ActiveCfg = Debug|Any CPU
		{E7965204-4670-40D4-A1B8-49E923EEC22F}.Debug|x86.Build.0 = Debug|Any CPU
		{E7965204-4670-40D4-A1B8-49E923EEC22F}.Release|Any CPU.ActiveCfg = Release|Any CPU
		{E7965204-4670-40D4-A1B8-49E923EEC22F}.Release|Any CPU.Build.0 = Release|Any CPU
		{E7965204-4670-40D4-A1B8-49E923EEC22F}.Release|x64.ActiveCfg = Release|Any CPU
		{E7965204-4670-40D4-A1B8-49E923EEC22F}.Release|x64.Build.0 = Release|Any CPU
		{E7965204-4670-40D4-A1B8-49E923EEC22F}.Release|x86.ActiveCfg = Release|Any CPU
		{E7965204-4670-40D4-A1B8-49E923EEC22F}.Release|x86.Build.0 = Release|Any CPU
		{40FBF713-D3AC-425B-B2CE-73EC0A721D31}.Debug|Any CPU.ActiveCfg = Debug|Any CPU
		{40FBF713-D3AC-425B-B2CE-73EC0A721D31}.Debug|Any CPU.Build.0 = Debug|Any CPU
		{40FBF713-D3AC-425B-B2CE-73EC0A721D31}.Debug|x64.ActiveCfg = Debug|Any CPU
		{40FBF713-D3AC-425B-B2CE-73EC0A721D31}.Debug|x64.Build.0 = Debug|Any CPU
		{40FBF713-D3AC-425B-B2CE-73EC0A721D31}.Debug|x86.ActiveCfg = Debug|Any CPU
		{40FBF713-D3AC-425B-B2CE-73EC0A721D31}.Debug|x86.Build.0 = Debug|Any CPU
		{40FBF713-D3AC-425B-B2CE-73EC0A721D31}.Release|Any CPU.ActiveCfg = Release|Any CPU
		{40FBF713-D3AC-425B-B2CE-73EC0A721D31}.Release|Any CPU.Build.0 = Release|Any CPU
		{40FBF713-D3AC-425B-B2CE-73EC0A721D31}.Release|x64.ActiveCfg = Release|Any CPU
		{40FBF713-D3AC-425B-B2CE-73EC0A721D31}.Release|x64.Build.0 = Release|Any CPU
		{40FBF713-D3AC-425B-B2CE-73EC0A721D31}.Release|x86.ActiveCfg = Release|Any CPU
		{40FBF713-D3AC-425B-B2CE-73EC0A721D31}.Release|x86.Build.0 = Release|Any CPU
		{7CEE3A57-69E6-4F91-BD11-D66CBB4D59F4}.Debug|Any CPU.ActiveCfg = Debug|Any CPU
		{7CEE3A57-69E6-4F91-BD11-D66CBB4D59F4}.Debug|Any CPU.Build.0 = Debug|Any CPU
		{7CEE3A57-69E6-4F91-BD11-D66CBB4D59F4}.Debug|x64.ActiveCfg = Debug|Any CPU
		{7CEE3A57-69E6-4F91-BD11-D66CBB4D59F4}.Debug|x64.Build.0 = Debug|Any CPU
		{7CEE3A57-69E6-4F91-BD11-D66CBB4D59F4}.Debug|x86.ActiveCfg = Debug|Any CPU
		{7CEE3A57-69E6-4F91-BD11-D66CBB4D59F4}.Debug|x86.Build.0 = Debug|Any CPU
		{7CEE3A57-69E6-4F91-BD11-D66CBB4D59F4}.Release|Any CPU.ActiveCfg = Release|Any CPU
		{7CEE3A57-69E6-4F91-BD11-D66CBB4D59F4}.Release|Any CPU.Build.0 = Release|Any CPU
		{7CEE3A57-69E6-4F91-BD11-D66CBB4D59F4}.Release|x64.ActiveCfg = Release|Any CPU
		{7CEE3A57-69E6-4F91-BD11-D66CBB4D59F4}.Release|x64.Build.0 = Release|Any CPU
		{7CEE3A57-69E6-4F91-BD11-D66CBB4D59F4}.Release|x86.ActiveCfg = Release|Any CPU
		{7CEE3A57-69E6-4F91-BD11-D66CBB4D59F4}.Release|x86.Build.0 = Release|Any CPU
		{D0AA94A2-62D1-49AF-B43C-AAB592EB944A}.Debug|Any CPU.ActiveCfg = Debug|Any CPU
		{D0AA94A2-62D1-49AF-B43C-AAB592EB944A}.Debug|Any CPU.Build.0 = Debug|Any CPU
		{D0AA94A2-62D1-49AF-B43C-AAB592EB944A}.Debug|x64.ActiveCfg = Debug|Any CPU
		{D0AA94A2-62D1-49AF-B43C-AAB592EB944A}.Debug|x64.Build.0 = Debug|Any CPU
		{D0AA94A2-62D1-49AF-B43C-AAB592EB944A}.Debug|x86.ActiveCfg = Debug|Any CPU
		{D0AA94A2-62D1-49AF-B43C-AAB592EB944A}.Debug|x86.Build.0 = Debug|Any CPU
		{D0AA94A2-62D1-49AF-B43C-AAB592EB944A}.Release|Any CPU.ActiveCfg = Release|Any CPU
		{D0AA94A2-62D1-49AF-B43C-AAB592EB944A}.Release|Any CPU.Build.0 = Release|Any CPU
		{D0AA94A2-62D1-49AF-B43C-AAB592EB944A}.Release|x64.ActiveCfg = Release|Any CPU
		{D0AA94A2-62D1-49AF-B43C-AAB592EB944A}.Release|x64.Build.0 = Release|Any CPU
		{D0AA94A2-62D1-49AF-B43C-AAB592EB944A}.Release|x86.ActiveCfg = Release|Any CPU
		{D0AA94A2-62D1-49AF-B43C-AAB592EB944A}.Release|x86.Build.0 = Release|Any CPU
		{2BE91776-A6E9-4174-A57A-D2A61026C879}.Debug|Any CPU.ActiveCfg = Debug|Any CPU
		{2BE91776-A6E9-4174-A57A-D2A61026C879}.Debug|Any CPU.Build.0 = Debug|Any CPU
		{2BE91776-A6E9-4174-A57A-D2A61026C879}.Debug|x64.ActiveCfg = Debug|Any CPU
		{2BE91776-A6E9-4174-A57A-D2A61026C879}.Debug|x64.Build.0 = Debug|Any CPU
		{2BE91776-A6E9-4174-A57A-D2A61026C879}.Debug|x86.ActiveCfg = Debug|Any CPU
		{2BE91776-A6E9-4174-A57A-D2A61026C879}.Debug|x86.Build.0 = Debug|Any CPU
		{2BE91776-A6E9-4174-A57A-D2A61026C879}.Release|Any CPU.ActiveCfg = Release|Any CPU
		{2BE91776-A6E9-4174-A57A-D2A61026C879}.Release|Any CPU.Build.0 = Release|Any CPU
		{2BE91776-A6E9-4174-A57A-D2A61026C879}.Release|x64.ActiveCfg = Release|Any CPU
		{2BE91776-A6E9-4174-A57A-D2A61026C879}.Release|x64.Build.0 = Release|Any CPU
		{2BE91776-A6E9-4174-A57A-D2A61026C879}.Release|x86.ActiveCfg = Release|Any CPU
		{2BE91776-A6E9-4174-A57A-D2A61026C879}.Release|x86.Build.0 = Release|Any CPU
		{E5CC1CFE-489B-49EA-95E5-E1F5D8226AB8}.Debug|Any CPU.ActiveCfg = Debug|Any CPU
		{E5CC1CFE-489B-49EA-95E5-E1F5D8226AB8}.Debug|Any CPU.Build.0 = Debug|Any CPU
		{E5CC1CFE-489B-49EA-95E5-E1F5D8226AB8}.Debug|x64.ActiveCfg = Debug|Any CPU
		{E5CC1CFE-489B-49EA-95E5-E1F5D8226AB8}.Debug|x64.Build.0 = Debug|Any CPU
		{E5CC1CFE-489B-49EA-95E5-E1F5D8226AB8}.Debug|x86.ActiveCfg = Debug|Any CPU
		{E5CC1CFE-489B-49EA-95E5-E1F5D8226AB8}.Debug|x86.Build.0 = Debug|Any CPU
		{E5CC1CFE-489B-49EA-95E5-E1F5D8226AB8}.Release|Any CPU.ActiveCfg = Release|Any CPU
		{E5CC1CFE-489B-49EA-95E5-E1F5D8226AB8}.Release|Any CPU.Build.0 = Release|Any CPU
		{E5CC1CFE-489B-49EA-95E5-E1F5D8226AB8}.Release|x64.ActiveCfg = Release|Any CPU
		{E5CC1CFE-489B-49EA-95E5-E1F5D8226AB8}.Release|x64.Build.0 = Release|Any CPU
		{E5CC1CFE-489B-49EA-95E5-E1F5D8226AB8}.Release|x86.ActiveCfg = Release|Any CPU
		{E5CC1CFE-489B-49EA-95E5-E1F5D8226AB8}.Release|x86.Build.0 = Release|Any CPU
		{76338B48-A130-4253-A337-E0CA92792F4C}.Debug|Any CPU.ActiveCfg = Debug|Any CPU
		{76338B48-A130-4253-A337-E0CA92792F4C}.Debug|Any CPU.Build.0 = Debug|Any CPU
		{76338B48-A130-4253-A337-E0CA92792F4C}.Debug|x64.ActiveCfg = Debug|Any CPU
		{76338B48-A130-4253-A337-E0CA92792F4C}.Debug|x64.Build.0 = Debug|Any CPU
		{76338B48-A130-4253-A337-E0CA92792F4C}.Debug|x86.ActiveCfg = Debug|Any CPU
		{76338B48-A130-4253-A337-E0CA92792F4C}.Debug|x86.Build.0 = Debug|Any CPU
		{76338B48-A130-4253-A337-E0CA92792F4C}.Release|Any CPU.ActiveCfg = Release|Any CPU
		{76338B48-A130-4253-A337-E0CA92792F4C}.Release|Any CPU.Build.0 = Release|Any CPU
		{76338B48-A130-4253-A337-E0CA92792F4C}.Release|x64.ActiveCfg = Release|Any CPU
		{76338B48-A130-4253-A337-E0CA92792F4C}.Release|x64.Build.0 = Release|Any CPU
		{76338B48-A130-4253-A337-E0CA92792F4C}.Release|x86.ActiveCfg = Release|Any CPU
		{76338B48-A130-4253-A337-E0CA92792F4C}.Release|x86.Build.0 = Release|Any CPU
	EndGlobalSection
	GlobalSection(SolutionProperties) = preSolution
		HideSolutionNode = FALSE
	EndGlobalSection
	GlobalSection(ExtensibilityGlobals) = postSolution
		SolutionGuid = {8CFD6033-FB8D-48BE-9628-9D83DC023CAB}
	EndGlobalSection
EndGlobal
